
Microsoft Visual Studio Solution File, Format Version 12.00
# Visual Studio Version 17
VisualStudioVersion = 17.5.33530.505
MinimumVisualStudioVersion = 10.0.40219.1
Project("{FAE04EC0-301F-11D3-BF4B-00C04F79EFBC}") = "DA_NGANGANG", "DA_NGANGANG\DA_NGANGANG.csproj", "{CDD313BB-FC79-496D-AAB7-20760421B813}"
EndProject
Global
	GlobalSection(SolutionConfigurationPlatforms) = preSolution
		Debug|Any CPU = Debug|Any CPU
		Release|Any CPU = Release|Any CPU
	EndGlobalSection
	GlobalSection(ProjectConfigurationPlatforms) = postSolution
		{CDD313BB-FC79-496D-AAB7-20760421B813}.Debug|Any CPU.ActiveCfg = Debug|Any CPU
		{CDD313BB-FC79-496D-AAB7-20760421B813}.Debug|Any CPU.Build.0 = Debug|Any CPU
		{CDD313BB-FC79-496D-AAB7-20760421B813}.Release|Any CPU.ActiveCfg = Release|Any CPU
		{CDD313BB-FC79-496D-AAB7-20760421B813}.Release|Any CPU.Build.0 = Release|Any CPU
	EndGlobalSection
	GlobalSection(SolutionProperties) = preSolution
		HideSolutionNode = FALSE
	EndGlobalSection
EndGlobal
